{
  "nodes": {
    "flakeNimbleLib": {
      "inputs": {
        "nixpkgs": [
          "nixpkgs"
        ]
      },
      "locked": {
        "lastModified": 1662018438,
        "narHash": "sha256-QtNtU6+LX3Wokxf0zlFwKTFOcn6TeDjKQZ+DA9OYtvM=",
        "owner": "riinr",
        "repo": "nim-flakes-lib",
        "rev": "b1fe8340736e3a85d25c709ac3dfd82a55c03cbf",
        "type": "github"
      },
      "original": {
        "owner": "riinr",
        "ref": "master",
        "repo": "nim-flakes-lib",
        "type": "github"
      }
    },
    "nixpkgs": {
      "locked": {
        "lastModified": 1667110639,
        "narHash": "sha256-4FbPESZ5LbqQxkJJJBAfk/zKgF9h/4kyUwjjpJwYlbc=",
        "owner": "NixOS",
        "repo": "nixpkgs",
        "rev": "f38a1f04d1bec1feb61fd101a0539ae2002a7087",
        "type": "github"
      },
      "original": {
        "id": "nixpkgs",
        "type": "indirect"
      }
    },
    "root": {
      "inputs": {
        "flakeNimbleLib": "flakeNimbleLib",
        "nixpkgs": "nixpkgs",
        "w8crc-master": "w8crc-master",
        "w8crc-v1_0_1": "w8crc-v1_0_1"
      }
    },
    "src-w8crc-master": {
      "flake": false,
      "locked": {
        "lastModified": 1658953721,
        "narHash": "sha256-i4R5yaXDIyGgMuOoNtAzHyQF3b0pZPnV1Z3IkWei0bk=",
        "owner": "sumatoshi",
        "repo": "w8crc",
        "rev": "f44c07d03848c03fd28542a7c03a610ca1b4b071",
        "type": "github"
      },
      "original": {
        "owner": "sumatoshi",
        "ref": "refs/heads/master",
        "repo": "w8crc",
        "type": "github"
      }
    },
    "src-w8crc-v1_0_1": {
      "flake": false,
      "locked": {
        "lastModified": 1645056664,
        "narHash": "sha256-dHkHwfUY7dBE27kEettnuyLT5qM4EieUbUFU4AeeD+o=",
        "owner": "sumatoshi",
        "repo": "w8crc",
        "rev": "c681bc47a264c6a02e2dc2ad44ef2bf82fbc1afb",
        "type": "github"
      },
      "original": {
        "owner": "sumatoshi",
        "ref": "refs/tags/v1.0.1",
        "repo": "w8crc",
        "type": "github"
      }
    },
    "w8crc-master": {
      "inputs": {
        "flakeNimbleLib": [
          "flakeNimbleLib"
        ],
        "nixpkgs": [
          "nixpkgs"
        ],
        "src-w8crc-master": "src-w8crc-master"
      },
      "locked": {
        "dir": "master",
        "lastModified": 1662254929,
        "narHash": "sha256-kk3CJndYVBHQVm/k/MaAEfY6gnsKRM458RAgjOlvlro=",
        "owner": "nim-nix-pkgs",
        "repo": "w8crc",
        "rev": "d565699c1b39595f37afb86ac48522a3754cc29b",
        "type": "github"
      },
      "original": {
        "dir": "master",
        "owner": "nim-nix-pkgs",
        "ref": "master",
        "repo": "w8crc",
        "type": "github"
      }
    },
    "w8crc-v1_0_1": {
      "inputs": {
        "flakeNimbleLib": [
          "flakeNimbleLib"
        ],
        "nixpkgs": [
          "nixpkgs"
        ],
        "src-w8crc-v1_0_1": "src-w8crc-v1_0_1"
      },
      "locked": {
        "dir": "v1_0_1",
        "lastModified": 1662254929,
        "narHash": "sha256-kk3CJndYVBHQVm/k/MaAEfY6gnsKRM458RAgjOlvlro=",
        "owner": "nim-nix-pkgs",
        "repo": "w8crc",
        "rev": "d565699c1b39595f37afb86ac48522a3754cc29b",
        "type": "github"
      },
      "original": {
        "dir": "v1_0_1",
        "owner": "nim-nix-pkgs",
        "ref": "master",
        "repo": "w8crc",
        "type": "github"
      }
    }
  },
  "root": "root",
  "version": 7
}
